// !$*UTF8*$!
{
	archiveVersion = 1;
	classes = {
	};
	objectVersion = 56;
	objects = {

/* Begin PBXGroup section */
		CE33BA9628BB87A200832174 = {
			isa = PBXGroup;
			children = (
			);
			sourceTree = "<group>";
		};
/* End PBXGroup section */

/* Begin PBXProject section */
		CE33BA9728BB87A200832174 /* Project object */ = {
			isa = PBXProject;
			attributes = {
				BuildIndependentTargetsInParallel = 1;
				LastUpgradeCheck = 1400;
			};
			buildConfigurationList = CE33BA9A28BB87A200832174 /* Build configuration list for PBXProject "Graphonomicon" */;
			compatibilityVersion = "Xcode 14.0";
			developmentRegion = en;
			hasScannedForEncodings = 0;
			knownRegions = (
				en,
				Base,
			);
			mainGroup = CE33BA9628BB87A200832174;
			projectDirPath = "";
			projectRoot = "";
			targets = (
			);
		};
/* End PBXProject section */

/* Begin XCBuildConfiguration section */
		CE33BA9B28BB87A200832174 /* Debug */ = {
			isa = XCBuildConfiguration;
			buildSettings = {
			};
			name = Debug;
		};
		CE33BA9C28BB87A200832174 /* Release */ = {
			isa = XCBuildConfiguration;
			buildSettings = {
			};
			name = Release;
		};
/* End XCBuildConfiguration section */

/* Begin XCConfigurationList section */
		CE33BA9A28BB87A200832174 /* Build configuration list for PBXProject "Graphonomicon" */ = {
			isa = XCConfigurationList;
			buildConfigurations = (
				CE33BA9B28BB87A200832174 /* Debug */,
				CE33BA9C28BB87A200832174 /* Release */,
			);
			defaultConfigurationIsVisible = 0;
			defaultConfigurationName = Release;
		};
/* End XCConfigurationList section */
	};
	rootObject = CE33BA9728BB87A200832174 /* Project object */;
}
